// !$*UTF8*$!
{
	archiveVersion = 1;
	classes = {
	};
	objectVersion = 46;
	objects = {

/* Begin PBXBuildFile section */
		9F48C90C1A5EA9ED0073E97C /* main.c in Sources */ = {isa = PBXBuildFile; fileRef = 9F48C90B1A5EA9ED0073E97C /* main.c */; };
/* End PBXBuildFile section */

/* Begin PBXCopyFilesBuildPhase section */
		9F48C9061A5EA9ED0073E97C /* CopyFiles */ = {
			isa = PBXCopyFilesBuildPhase;
			buildActionMask = 2147483647;
			dstPath = /usr/share/man/man1/;
			dstSubfolderSpec = 0;
			files = (
			);
			runOnlyForDeploymentPostprocessing = 1;
		};
/* End PBXCopyFilesBuildPhase section */

/* Begin PBXFileReference section */
		9F48C9081A5EA9ED0073E97C /* Test Project Git */ = {isa = PBXFileReference; explicitFileType = "compiled.mach-o.executable"; includeInIndex = 0; path = "Test Project Git"; sourceTree = BUILT_PRODUCTS_DIR; };
		9F48C90B1A5EA9ED0073E97C /* main.c */ = {isa = PBXFileReference; lastKnownFileType = sourcecode.c.c; path = main.c; sourceTree = "<group>"; };
/* End PBXFileReference section */

/* Begin PBXFrameworksBuildPhase section */
		9F48C9051A5EA9ED0073E97C /* Frameworks */ = {
			isa = PBXFrameworksBuildPhase;
			buildActionMask = 2147483647;
			files = (
			);
			runOnlyForDeploymentPostprocessing = 0;
		};
/* End PBXFrameworksBuildPhase section */

/* Begin PBXGroup section */
		9F48C8FF1A5EA9ED0073E97C = {
			isa = PBXGroup;
			children = (
				9F48C90A1A5EA9ED0073E97C /* Test Project Git */,
				9F48C9091A5EA9ED0073E97C /* Products */,
			);
			sourceTree = "<group>";
		};
		9F48C9091A5EA9ED0073E97C /* Products */ = {
			isa = PBXGroup;
			children = (
				9F48C9081A5EA9ED0073E97C /* Test Project Git */,
			);
			name = Products;
			sourceTree = "<group>";
		};
		9F48C90A1A5EA9ED0073E97C /* Test Project Git */ = {
			isa = PBXGroup;
			children = (
				9F48C90B1A5EA9ED0073E97C /* main.c */,
			);
			path = "Test Project Git";
			sourceTree = "<group>";
		};
/* End PBXGroup section */

/* Begin PBXNativeTarget section */
		9F48C9071A5EA9ED0073E97C /* Test Project Git */ = {
			isa = PBXNativeTarget;
			buildConfigurationList = 9F48C90F1A5EA9ED0073E97C /* Build configuration list for PBXNativeTarget "Test Project Git" */;
			buildPhases = (
				9F48C9041A5EA9ED0073E97C /* Sources */,
				9F48C9051A5EA9ED0073E97C /* Frameworks */,
				9F48C9061A5EA9ED0073E97C /* CopyFiles */,
			);
			buildRules = (
			);
			dependencies = (
			);
			name = "Test Project Git";
			productName = "Test Project Git";
			productReference = 9F48C9081A5EA9ED0073E97C /* Test Project Git */;
			productType = "com.apple.product-type.tool";
		};
/* End PBXNativeTarget section */

/* Begin PBXProject section */
		9F48C9001A5EA9ED0073E97C /* Project object */ = {
			isa = PBXProject;
			attributes = {
				LastUpgradeCheck = 0610;
				ORGANIZATIONNAME = WorkhorsePS;
				TargetAttributes = {
					9F48C9071A5EA9ED0073E97C = {
						CreatedOnToolsVersion = 6.1.1;
					};
				};
			};
			buildConfigurationList = 9F48C9031A5EA9ED0073E97C /* Build configuration list for PBXProject "Test Project Git" */;
			compatibilityVersion = "Xcode 3.2";
			developmentRegion = English;
			hasScannedForEncodings = 0;
			knownRegions = (
				en,
			);
			mainGroup = 9F48C8FF1A5EA9ED0073E97C;
			productRefGroup = 9F48C9091A5EA9ED0073E97C /* Products */;
			projectDirPath = "";
			projectRoot = "";
			targets = (
				9F48C9071A5EA9ED0073E97C /* Test Project Git */,
			);
		};
/* End PBXProject section */

/* Begin PBXSourcesBuildPhase section */
		9F48C9041A5EA9ED0073E97C /* Sources */ = {
			isa = PBXSourcesBuildPhase;
			buildActionMask = 2147483647;
			files = (
				9F48C90C1A5EA9ED0073E97C /* main.c in Sources */,
			);
			runOnlyForDeploymentPostprocessing = 0;
		};
/* End PBXSourcesBuildPhase section */

/* Begin XCBuildConfiguration section */
		9F48C90D1A5EA9ED0073E97C /* Debug */ = {
			isa = XCBuildConfiguration;
			buildSettings = {
				ALWAYS_SEARCH_USER_PATHS = NO;
				CLANG_CXX_LANGUAGE_STANDARD = "gnu++0x";
				CLANG_CXX_LIBRARY = "libc++";
				CLANG_ENABLE_MODULES = YES;
				CLANG_ENABLE_OBJC_ARC = YES;
				CLANG_WARN_BOOL_CONVERSION = YES;
				CLANG_WARN_CONSTANT_CONVERSION = YES;
				CLANG_WARN_DIRECT_OBJC_ISA_USAGE = YES_ERROR;
				CLANG_WARN_EMPTY_BODY = YES;
				CLANG_WARN_ENUM_CONVERSION = YES;
				CLANG_WARN_INT_CONVERSION = YES;
				CLANG_WARN_OBJC_ROOT_CLASS = YES_ERROR;
				CLANG_WARN_UNREACHABLE_CODE = YES;
				CLANG_WARN__DUPLICATE_METHOD_MATCH = YES;
				COPY_PHASE_STRIP = NO;
				ENABLE_STRICT_OBJC_MSGSEND = YES;
				GCC_C_LANGUAGE_STANDARD = gnu99;
				GCC_DYNAMIC_NO_PIC = NO;
				GCC_OPTIMIZATION_LEVEL = 0;
				GCC_PREPROCESSOR_DEFINITIONS = (
					"DEBUG=1",
					"$(inherited)",
				);
				GCC_SYMBOLS_PRIVATE_EXTERN = NO;
				GCC_WARN_64_TO_32_BIT_CONVERSION = YES;
				GCC_WARN_ABOUT_RETURN_TYPE = YES_ERROR;
				GCC_WARN_UNDECLARED_SELECTOR = YES;
				GCC_WARN_UNINITIALIZED_AUTOS = YES_AGGRESSIVE;
				GCC_WARN_UNUSED_FUNCTION = YES;
				GCC_WARN_UNUSED_VARIABLE = YES;
				MACOSX_DEPLOYMENT_TARGET = 10.10;
				MTL_ENABLE_DEBUG_INFO = YES;
				ONLY_ACTIVE_ARCH = YES;
				SDKROOT = macosx;
			};
			name = Debug;
		};
		9F48C90E1A5EA9ED0073E97C /* Release */ = {
			isa = XCBuildConfiguration;
			buildSettings = {
				ALWAYS_SEARCH_USER_PATHS = NO;
				CLANG_CXX_LANGUAGE_STANDARD = "gnu++0x";
				CLANG_CXX_LIBRARY = "libc++";
				CLANG_ENABLE_MODULES = YES;
				CLANG_ENABLE_OBJC_ARC = YES;
				CLANG_WARN_BOOL_CONVERSION = YES;
				CLANG_WARN_CONSTANT_CONVERSION = YES;
				CLANG_WARN_DIRECT_OBJC_ISA_USAGE = YES_ERROR;
				CLANG_WARN_EMPTY_BODY = YES;
				CLANG_WARN_ENUM_CONVERSION = YES;
				CLANG_WARN_INT_CONVERSION = YES;
				CLANG_WARN_OBJC_ROOT_CLASS = YES_ERROR;
				CLANG_WARN_UNREACHABLE_CODE = YES;
				CLANG_WARN__DUPLICATE_METHOD_MATCH = YES;
				COPY_PHASE_STRIP = YES;
				DEBUG_INFORMATION_FORMAT = "dwarf-with-dsym";
				ENABLE_NS_ASSERTIONS = NO;
				ENABLE_STRICT_OBJC_MSGSEND = YES;
				GCC_C_LANGUAGE_STANDARD = gnu99;
				GCC_WARN_64_TO_32_BIT_CONVERSION = YES;
				GCC_WARN_ABOUT_RETURN_TYPE = YES_ERROR;
				GCC_WARN_UNDECLARED_SELECTOR = YES;
				GCC_WARN_UNINITIALIZED_AUTOS = YES_AGGRESSIVE;
				GCC_WARN_UNUSED_FUNCTION = YES;
				GCC_WARN_UNUSED_VARIABLE = YES;
				MACOSX_DEPLOYMENT_TARGET = 10.10;
				MTL_ENABLE_DEBUG_INFO = NO;
				SDKROOT = macosx;
			};
			name = Release;
		};
		9F48C9101A5EA9ED0073E97C /* Debug */ = {
			isa = XCBuildConfiguration;
			buildSettings = {
				PRODUCT_NAME = "$(TARGET_NAME)";
			};
			name = Debug;
		};
		9F48C9111A5EA9ED0073E97C /* Release */ = {
			isa = XCBuildConfiguration;
			buildSettings = {
				PRODUCT_NAME = "$(TARGET_NAME)";
			};
			name = Release;
		};
/* End XCBuildConfiguration section */

/* Begin XCConfigurationList section */
		9F48C9031A5EA9ED0073E97C /* Build configuration list for PBXProject "Test Project Git" */ = {
			isa = XCConfigurationList;
			buildConfigurations = (
				9F48C90D1A5EA9ED0073E97C /* Debug */,
				9F48C90E1A5EA9ED0073E97C /* Release */,
			);
			defaultConfigurationIsVisible = 0;
			defaultConfigurationName = Release;
		};
		9F48C90F1A5EA9ED0073E97C /* Build configuration list for PBXNativeTarget "Test Project Git" */ = {
			isa = XCConfigurationList;
			buildConfigurations = (
				9F48C9101A5EA9ED0073E97C /* Debug */,
				9F48C9111A5EA9ED0073E97C /* Release */,
			);
			defaultConfigurationIsVisible = 0;
		};
/* End XCConfigurationList section */
	};
	rootObject = 9F48C9001A5EA9ED0073E97C /* Project object */;
}
